// !$*UTF8*$!
{
	archiveVersion = 1;
	classes = {
	};
	objectVersion = 46;
	objects = {

/* Begin PBXBuildFile section */
		0C6F9FC11EDCF6B70086D072 /* AppDelegate.swift in Sources */ = {isa = PBXBuildFile; fileRef = 0C6F9FC01EDCF6B70086D072 /* AppDelegate.swift */; };
		0C6F9FC31EDCF6B70086D072 /* ViewController.swift in Sources */ = {isa = PBXBuildFile; fileRef = 0C6F9FC21EDCF6B70086D072 /* ViewController.swift */; };
		0C6F9FC51EDCF6B70086D072 /* Assets.xcassets in Resources */ = {isa = PBXBuildFile; fileRef = 0C6F9FC41EDCF6B70086D072 /* Assets.xcassets */; };
		0C6F9FC81EDCF6B70086D072 /* Main.storyboard in Resources */ = {isa = PBXBuildFile; fileRef = 0C6F9FC61EDCF6B70086D072 /* Main.storyboard */; };
		0C6F9FD31EDCF6B70086D072 /* Spotter__Spotify_Menu_Bar_Player_Tests.swift in Sources */ = {isa = PBXBuildFile; fileRef = 0C6F9FD21EDCF6B70086D072 /* Spotter__Spotify_Menu_Bar_Player_Tests.swift */; };
		0C6F9FDE1EDCF6B70086D072 /* Spotter__Spotify_Menu_Bar_Player_UITests.swift in Sources */ = {isa = PBXBuildFile; fileRef = 0C6F9FDD1EDCF6B70086D072 /* Spotter__Spotify_Menu_Bar_Player_UITests.swift */; };
/* End PBXBuildFile section */

/* Begin PBXContainerItemProxy section */
		0C6F9FCF1EDCF6B70086D072 /* PBXContainerItemProxy */ = {
			isa = PBXContainerItemProxy;
			containerPortal = 0C6F9FB51EDCF6B60086D072 /* Project object */;
			proxyType = 1;
			remoteGlobalIDString = 0C6F9FBC1EDCF6B60086D072;
			remoteInfo = "Spotter (Spotify Menu Bar Player)";
		};
		0C6F9FDA1EDCF6B70086D072 /* PBXContainerItemProxy */ = {
			isa = PBXContainerItemProxy;
			containerPortal = 0C6F9FB51EDCF6B60086D072 /* Project object */;
			proxyType = 1;
			remoteGlobalIDString = 0C6F9FBC1EDCF6B60086D072;
			remoteInfo = "Spotter (Spotify Menu Bar Player)";
		};
/* End PBXContainerItemProxy section */

/* Begin PBXFileReference section */
		0C6F9FBD1EDCF6B70086D072 /* Spotter (Spotify Menu Bar Player).app */ = {isa = PBXFileReference; explicitFileType = wrapper.application; includeInIndex = 0; path = "Spotter (Spotify Menu Bar Player).app"; sourceTree = BUILT_PRODUCTS_DIR; };
		0C6F9FC01EDCF6B70086D072 /* AppDelegate.swift */ = {isa = PBXFileReference; lastKnownFileType = sourcecode.swift; path = AppDelegate.swift; sourceTree = "<group>"; };
		0C6F9FC21EDCF6B70086D072 /* ViewController.swift */ = {isa = PBXFileReference; lastKnownFileType = sourcecode.swift; path = ViewController.swift; sourceTree = "<group>"; };
		0C6F9FC41EDCF6B70086D072 /* Assets.xcassets */ = {isa = PBXFileReference; lastKnownFileType = folder.assetcatalog; path = Assets.xcassets; sourceTree = "<group>"; };
		0C6F9FC71EDCF6B70086D072 /* Base */ = {isa = PBXFileReference; lastKnownFileType = file.storyboard; name = Base; path = Base.lproj/Main.storyboard; sourceTree = "<group>"; };
		0C6F9FC91EDCF6B70086D072 /* Info.plist */ = {isa = PBXFileReference; lastKnownFileType = text.plist.xml; path = Info.plist; sourceTree = "<group>"; };
		0C6F9FCE1EDCF6B70086D072 /* Spotter (Spotify Menu Bar Player)Tests.xctest */ = {isa = PBXFileReference; explicitFileType = wrapper.cfbundle; includeInIndex = 0; path = "Spotter (Spotify Menu Bar Player)Tests.xctest"; sourceTree = BUILT_PRODUCTS_DIR; };
		0C6F9FD21EDCF6B70086D072 /* Spotter__Spotify_Menu_Bar_Player_Tests.swift */ = {isa = PBXFileReference; lastKnownFileType = sourcecode.swift; path = Spotter__Spotify_Menu_Bar_Player_Tests.swift; sourceTree = "<group>"; };
		0C6F9FD41EDCF6B70086D072 /* Info.plist */ = {isa = PBXFileReference; lastKnownFileType = text.plist.xml; path = Info.plist; sourceTree = "<group>"; };
		0C6F9FD91EDCF6B70086D072 /* Spotter (Spotify Menu Bar Player)UITests.xctest */ = {isa = PBXFileReference; explicitFileType = wrapper.cfbundle; includeInIndex = 0; path = "Spotter (Spotify Menu Bar Player)UITests.xctest"; sourceTree = BUILT_PRODUCTS_DIR; };
		0C6F9FDD1EDCF6B70086D072 /* Spotter__Spotify_Menu_Bar_Player_UITests.swift */ = {isa = PBXFileReference; lastKnownFileType = sourcecode.swift; path = Spotter__Spotify_Menu_Bar_Player_UITests.swift; sourceTree = "<group>"; };
		0C6F9FDF1EDCF6B70086D072 /* Info.plist */ = {isa = PBXFileReference; lastKnownFileType = text.plist.xml; path = Info.plist; sourceTree = "<group>"; };
/* End PBXFileReference section */

/* Begin PBXFrameworksBuildPhase section */
		0C6F9FBA1EDCF6B60086D072 /* Frameworks */ = {
			isa = PBXFrameworksBuildPhase;
			buildActionMask = 2147483647;
			files = (
			);
			runOnlyForDeploymentPostprocessing = 0;
		};
		0C6F9FCB1EDCF6B70086D072 /* Frameworks */ = {
			isa = PBXFrameworksBuildPhase;
			buildActionMask = 2147483647;
			files = (
			);
			runOnlyForDeploymentPostprocessing = 0;
		};
		0C6F9FD61EDCF6B70086D072 /* Frameworks */ = {
			isa = PBXFrameworksBuildPhase;
			buildActionMask = 2147483647;
			files = (
			);
			runOnlyForDeploymentPostprocessing = 0;
		};
/* End PBXFrameworksBuildPhase section */

/* Begin PBXGroup section */
		0C6F9FB41EDCF6B60086D072 = {
			isa = PBXGroup;
			children = (
				0C6F9FBF1EDCF6B70086D072 /* Spotter (Spotify Menu Bar Player) */,
				0C6F9FD11EDCF6B70086D072 /* Spotter (Spotify Menu Bar Player)Tests */,
				0C6F9FDC1EDCF6B70086D072 /* Spotter (Spotify Menu Bar Player)UITests */,
				0C6F9FBE1EDCF6B70086D072 /* Products */,
			);
			sourceTree = "<group>";
		};
		0C6F9FBE1EDCF6B70086D072 /* Products */ = {
			isa = PBXGroup;
			children = (
				0C6F9FBD1EDCF6B70086D072 /* Spotter (Spotify Menu Bar Player).app */,
				0C6F9FCE1EDCF6B70086D072 /* Spotter (Spotify Menu Bar Player)Tests.xctest */,
				0C6F9FD91EDCF6B70086D072 /* Spotter (Spotify Menu Bar Player)UITests.xctest */,
			);
			name = Products;
			sourceTree = "<group>";
		};
		0C6F9FBF1EDCF6B70086D072 /* Spotter (Spotify Menu Bar Player) */ = {
			isa = PBXGroup;
			children = (
				0C6F9FC01EDCF6B70086D072 /* AppDelegate.swift */,
				0C6F9FC21EDCF6B70086D072 /* ViewController.swift */,
				0C6F9FC41EDCF6B70086D072 /* Assets.xcassets */,
				0C6F9FC61EDCF6B70086D072 /* Main.storyboard */,
				0C6F9FC91EDCF6B70086D072 /* Info.plist */,
			);
			path = "Spotter (Spotify Menu Bar Player)";
			sourceTree = "<group>";
		};
		0C6F9FD11EDCF6B70086D072 /* Spotter (Spotify Menu Bar Player)Tests */ = {
			isa = PBXGroup;
			children = (
				0C6F9FD21EDCF6B70086D072 /* Spotter__Spotify_Menu_Bar_Player_Tests.swift */,
				0C6F9FD41EDCF6B70086D072 /* Info.plist */,
			);
			path = "Spotter (Spotify Menu Bar Player)Tests";
			sourceTree = "<group>";
		};
		0C6F9FDC1EDCF6B70086D072 /* Spotter (Spotify Menu Bar Player)UITests */ = {
			isa = PBXGroup;
			children = (
				0C6F9FDD1EDCF6B70086D072 /* Spotter__Spotify_Menu_Bar_Player_UITests.swift */,
				0C6F9FDF1EDCF6B70086D072 /* Info.plist */,
			);
			path = "Spotter (Spotify Menu Bar Player)UITests";
			sourceTree = "<group>";
		};
/* End PBXGroup section */

/* Begin PBXNativeTarget section */
		0C6F9FBC1EDCF6B60086D072 /* Spotter (Spotify Menu Bar Player) */ = {
			isa = PBXNativeTarget;
			buildConfigurationList = 0C6F9FE21EDCF6B70086D072 /* Build configuration list for PBXNativeTarget "Spotter (Spotify Menu Bar Player)" */;
			buildPhases = (
				0C6F9FB91EDCF6B60086D072 /* Sources */,
				0C6F9FBA1EDCF6B60086D072 /* Frameworks */,
				0C6F9FBB1EDCF6B60086D072 /* Resources */,
			);
			buildRules = (
			);
			dependencies = (
			);
			name = "Spotter (Spotify Menu Bar Player)";
			productName = "Spotter (Spotify Menu Bar Player)";
			productReference = 0C6F9FBD1EDCF6B70086D072 /* Spotter (Spotify Menu Bar Player).app */;
			productType = "com.apple.product-type.application";
		};
		0C6F9FCD1EDCF6B70086D072 /* Spotter (Spotify Menu Bar Player)Tests */ = {
			isa = PBXNativeTarget;
			buildConfigurationList = 0C6F9FE51EDCF6B70086D072 /* Build configuration list for PBXNativeTarget "Spotter (Spotify Menu Bar Player)Tests" */;
			buildPhases = (
				0C6F9FCA1EDCF6B70086D072 /* Sources */,
				0C6F9FCB1EDCF6B70086D072 /* Frameworks */,
				0C6F9FCC1EDCF6B70086D072 /* Resources */,
			);
			buildRules = (
			);
			dependencies = (
				0C6F9FD01EDCF6B70086D072 /* PBXTargetDependency */,
			);
			name = "Spotter (Spotify Menu Bar Player)Tests";
			productName = "Spotter (Spotify Menu Bar Player)Tests";
			productReference = 0C6F9FCE1EDCF6B70086D072 /* Spotter (Spotify Menu Bar Player)Tests.xctest */;
			productType = "com.apple.product-type.bundle.unit-test";
		};
		0C6F9FD81EDCF6B70086D072 /* Spotter (Spotify Menu Bar Player)UITests */ = {
			isa = PBXNativeTarget;
			buildConfigurationList = 0C6F9FE81EDCF6B70086D072 /* Build configuration list for PBXNativeTarget "Spotter (Spotify Menu Bar Player)UITests" */;
			buildPhases = (
				0C6F9FD51EDCF6B70086D072 /* Sources */,
				0C6F9FD61EDCF6B70086D072 /* Frameworks */,
				0C6F9FD71EDCF6B70086D072 /* Resources */,
			);
			buildRules = (
			);
			dependencies = (
				0C6F9FDB1EDCF6B70086D072 /* PBXTargetDependency */,
			);
			name = "Spotter (Spotify Menu Bar Player)UITests";
			productName = "Spotter (Spotify Menu Bar Player)UITests";
			productReference = 0C6F9FD91EDCF6B70086D072 /* Spotter (Spotify Menu Bar Player)UITests.xctest */;
			productType = "com.apple.product-type.bundle.ui-testing";
		};
/* End PBXNativeTarget section */

/* Begin PBXProject section */
		0C6F9FB51EDCF6B60086D072 /* Project object */ = {
			isa = PBXProject;
			attributes = {
				LastSwiftUpdateCheck = 0830;
				LastUpgradeCheck = 0830;
				ORGANIZATIONNAME = "Jacob Cohen";
				TargetAttributes = {
					0C6F9FBC1EDCF6B60086D072 = {
						CreatedOnToolsVersion = 8.3.2;
						ProvisioningStyle = Automatic;
					};
					0C6F9FCD1EDCF6B70086D072 = {
						CreatedOnToolsVersion = 8.3.2;
						ProvisioningStyle = Automatic;
						TestTargetID = 0C6F9FBC1EDCF6B60086D072;
					};
					0C6F9FD81EDCF6B70086D072 = {
						CreatedOnToolsVersion = 8.3.2;
						ProvisioningStyle = Automatic;
						TestTargetID = 0C6F9FBC1EDCF6B60086D072;
					};
				};
			};
			buildConfigurationList = 0C6F9FB81EDCF6B60086D072 /* Build configuration list for PBXProject "Spotter (Spotify Menu Bar Player)" */;
			compatibilityVersion = "Xcode 3.2";
			developmentRegion = English;
			hasScannedForEncodings = 0;
			knownRegions = (
				en,
				Base,
			);
			mainGroup = 0C6F9FB41EDCF6B60086D072;
			productRefGroup = 0C6F9FBE1EDCF6B70086D072 /* Products */;
			projectDirPath = "";
			projectRoot = "";
			targets = (
				0C6F9FBC1EDCF6B60086D072 /* Spotter (Spotify Menu Bar Player) */,
				0C6F9FCD1EDCF6B70086D072 /* Spotter (Spotify Menu Bar Player)Tests */,
				0C6F9FD81EDCF6B70086D072 /* Spotter (Spotify Menu Bar Player)UITests */,
			);
		};
/* End PBXProject section */

/* Begin PBXResourcesBuildPhase section */
		0C6F9FBB1EDCF6B60086D072 /* Resources */ = {
			isa = PBXResourcesBuildPhase;
			buildActionMask = 2147483647;
			files = (
				0C6F9FC51EDCF6B70086D072 /* Assets.xcassets in Resources */,
				0C6F9FC81EDCF6B70086D072 /* Main.storyboard in Resources */,
			);
			runOnlyForDeploymentPostprocessing = 0;
		};
		0C6F9FCC1EDCF6B70086D072 /* Resources */ = {
			isa = PBXResourcesBuildPhase;
			buildActionMask = 2147483647;
			files = (
			);
			runOnlyForDeploymentPostprocessing = 0;
		};
		0C6F9FD71EDCF6B70086D072 /* Resources */ = {
			isa = PBXResourcesBuildPhase;
			buildActionMask = 2147483647;
			files = (
			);
			runOnlyForDeploymentPostprocessing = 0;
		};
/* End PBXResourcesBuildPhase section */

/* Begin PBXSourcesBuildPhase section */
		0C6F9FB91EDCF6B60086D072 /* Sources */ = {
			isa = PBXSourcesBuildPhase;
			buildActionMask = 2147483647;
			files = (
				0C6F9FC31EDCF6B70086D072 /* ViewController.swift in Sources */,
				0C6F9FC11EDCF6B70086D072 /* AppDelegate.swift in Sources */,
			);
			runOnlyForDeploymentPostprocessing = 0;
		};
		0C6F9FCA1EDCF6B70086D072 /* Sources */ = {
			isa = PBXSourcesBuildPhase;
			buildActionMask = 2147483647;
			files = (
				0C6F9FD31EDCF6B70086D072 /* Spotter__Spotify_Menu_Bar_Player_Tests.swift in Sources */,
			);
			runOnlyForDeploymentPostprocessing = 0;
		};
		0C6F9FD51EDCF6B70086D072 /* Sources */ = {
			isa = PBXSourcesBuildPhase;
			buildActionMask = 2147483647;
			files = (
				0C6F9FDE1EDCF6B70086D072 /* Spotter__Spotify_Menu_Bar_Player_UITests.swift in Sources */,
			);
			runOnlyForDeploymentPostprocessing = 0;
		};
/* End PBXSourcesBuildPhase section */

/* Begin PBXTargetDependency section */
		0C6F9FD01EDCF6B70086D072 /* PBXTargetDependency */ = {
			isa = PBXTargetDependency;
			target = 0C6F9FBC1EDCF6B60086D072 /* Spotter (Spotify Menu Bar Player) */;
			targetProxy = 0C6F9FCF1EDCF6B70086D072 /* PBXContainerItemProxy */;
		};
		0C6F9FDB1EDCF6B70086D072 /* PBXTargetDependency */ = {
			isa = PBXTargetDependency;
			target = 0C6F9FBC1EDCF6B60086D072 /* Spotter (Spotify Menu Bar Player) */;
			targetProxy = 0C6F9FDA1EDCF6B70086D072 /* PBXContainerItemProxy */;
		};
/* End PBXTargetDependency section */

/* Begin PBXVariantGroup section */
		0C6F9FC61EDCF6B70086D072 /* Main.storyboard */ = {
			isa = PBXVariantGroup;
			children = (
				0C6F9FC71EDCF6B70086D072 /* Base */,
			);
			name = Main.storyboard;
			sourceTree = "<group>";
		};
/* End PBXVariantGroup section */

/* Begin XCBuildConfiguration section */
		0C6F9FE01EDCF6B70086D072 /* Debug */ = {
			isa = XCBuildConfiguration;
			buildSettings = {
				ALWAYS_SEARCH_USER_PATHS = NO;
				CLANG_ANALYZER_NONNULL = YES;
				CLANG_ANALYZER_NUMBER_OBJECT_CONVERSION = YES_AGGRESSIVE;
				CLANG_CXX_LANGUAGE_STANDARD = "gnu++0x";
				CLANG_CXX_LIBRARY = "libc++";
				CLANG_ENABLE_MODULES = YES;
				CLANG_ENABLE_OBJC_ARC = YES;
				CLANG_WARN_BOOL_CONVERSION = YES;
				CLANG_WARN_CONSTANT_CONVERSION = YES;
				CLANG_WARN_DIRECT_OBJC_ISA_USAGE = YES_ERROR;
				CLANG_WARN_DOCUMENTATION_COMMENTS = YES;
				CLANG_WARN_EMPTY_BODY = YES;
				CLANG_WARN_ENUM_CONVERSION = YES;
				CLANG_WARN_INFINITE_RECURSION = YES;
				CLANG_WARN_INT_CONVERSION = YES;
				CLANG_WARN_OBJC_ROOT_CLASS = YES_ERROR;
				CLANG_WARN_SUSPICIOUS_MOVE = YES;
				CLANG_WARN_UNREACHABLE_CODE = YES;
				CLANG_WARN__DUPLICATE_METHOD_MATCH = YES;
				CODE_SIGN_IDENTITY = "-";
				COPY_PHASE_STRIP = NO;
				DEBUG_INFORMATION_FORMAT = dwarf;
				ENABLE_STRICT_OBJC_MSGSEND = YES;
				ENABLE_TESTABILITY = YES;
				GCC_C_LANGUAGE_STANDARD = gnu99;
				GCC_DYNAMIC_NO_PIC = NO;
				GCC_NO_COMMON_BLOCKS = YES;
				GCC_OPTIMIZATION_LEVEL = 0;
				GCC_PREPROCESSOR_DEFINITIONS = (
					"DEBUG=1",
					"$(inherited)",
				);
				GCC_WARN_64_TO_32_BIT_CONVERSION = YES;
				GCC_WARN_ABOUT_RETURN_TYPE = YES_ERROR;
				GCC_WARN_UNDECLARED_SELECTOR = YES;
				GCC_WARN_UNINITIALIZED_AUTOS = YES_AGGRESSIVE;
				GCC_WARN_UNUSED_FUNCTION = YES;
				GCC_WARN_UNUSED_VARIABLE = YES;
				MACOSX_DEPLOYMENT_TARGET = 10.12;
				MTL_ENABLE_DEBUG_INFO = YES;
				ONLY_ACTIVE_ARCH = YES;
				SDKROOT = macosx;
				SWIFT_ACTIVE_COMPILATION_CONDITIONS = DEBUG;
				SWIFT_OPTIMIZATION_LEVEL = "-Onone";
			};
			name = Debug;
		};
		0C6F9FE11EDCF6B70086D072 /* Release */ = {
			isa = XCBuildConfiguration;
			buildSettings = {
				ALWAYS_SEARCH_USER_PATHS = NO;
				CLANG_ANALYZER_NONNULL = YES;
				CLANG_ANALYZER_NUMBER_OBJECT_CONVERSION = YES_AGGRESSIVE;
				CLANG_CXX_LANGUAGE_STANDARD = "gnu++0x";
				CLANG_CXX_LIBRARY = "libc++";
				CLANG_ENABLE_MODULES = YES;
				CLANG_ENABLE_OBJC_ARC = YES;
				CLANG_WARN_BOOL_CONVERSION = YES;
				CLANG_WARN_CONSTANT_CONVERSION = YES;
				CLANG_WARN_DIRECT_OBJC_ISA_USAGE = YES_ERROR;
				CLANG_WARN_DOCUMENTATION_COMMENTS = YES;
				CLANG_WARN_EMPTY_BODY = YES;
				CLANG_WARN_ENUM_CONVERSION = YES;
				CLANG_WARN_INFINITE_RECURSION = YES;
				CLANG_WARN_INT_CONVERSION = YES;
				CLANG_WARN_OBJC_ROOT_CLASS = YES_ERROR;
				CLANG_WARN_SUSPICIOUS_MOVE = YES;
				CLANG_WARN_UNREACHABLE_CODE = YES;
				CLANG_WARN__DUPLICATE_METHOD_MATCH = YES;
				CODE_SIGN_IDENTITY = "-";
				COPY_PHASE_STRIP = NO;
				DEBUG_INFORMATION_FORMAT = "dwarf-with-dsym";
				ENABLE_NS_ASSERTIONS = NO;
				ENABLE_STRICT_OBJC_MSGSEND = YES;
				GCC_C_LANGUAGE_STANDARD = gnu99;
				GCC_NO_COMMON_BLOCKS = YES;
				GCC_WARN_64_TO_32_BIT_CONVERSION = YES;
				GCC_WARN_ABOUT_RETURN_TYPE = YES_ERROR;
				GCC_WARN_UNDECLARED_SELECTOR = YES;
				GCC_WARN_UNINITIALIZED_AUTOS = YES_AGGRESSIVE;
				GCC_WARN_UNUSED_FUNCTION = YES;
				GCC_WARN_UNUSED_VARIABLE = YES;
				MACOSX_DEPLOYMENT_TARGET = 10.12;
				MTL_ENABLE_DEBUG_INFO = NO;
				SDKROOT = macosx;
				SWIFT_OPTIMIZATION_LEVEL = "-Owholemodule";
			};
			name = Release;
		};
		0C6F9FE31EDCF6B70086D072 /* Debug */ = {
			isa = XCBuildConfiguration;
			buildSettings = {
				ASSETCATALOG_COMPILER_APPICON_NAME = AppIcon;
				COMBINE_HIDPI_IMAGES = YES;
				INFOPLIST_FILE = "Spotter (Spotify Menu Bar Player)/Info.plist";
				LD_RUNPATH_SEARCH_PATHS = "$(inherited) @executable_path/../Frameworks";
				PRODUCT_BUNDLE_IDENTIFIER = "Jacob-Cohen.Spotter--Spotify-Menu-Bar-Player-";
				PRODUCT_NAME = "$(TARGET_NAME)";
				SWIFT_VERSION = 3.0;
			};
			name = Debug;
		};
		0C6F9FE41EDCF6B70086D072 /* Release */ = {
			isa = XCBuildConfiguration;
			buildSettings = {
				ASSETCATALOG_COMPILER_APPICON_NAME = AppIcon;
				COMBINE_HIDPI_IMAGES = YES;
				INFOPLIST_FILE = "Spotter (Spotify Menu Bar Player)/Info.plist";
				LD_RUNPATH_SEARCH_PATHS = "$(inherited) @executable_path/../Frameworks";
				PRODUCT_BUNDLE_IDENTIFIER = "Jacob-Cohen.Spotter--Spotify-Menu-Bar-Player-";
				PRODUCT_NAME = "$(TARGET_NAME)";
				SWIFT_VERSION = 3.0;
			};
			name = Release;
		};
		0C6F9FE61EDCF6B70086D072 /* Debug */ = {
			isa = XCBuildConfiguration;
			buildSettings = {
				ALWAYS_EMBED_SWIFT_STANDARD_LIBRARIES = YES;
				BUNDLE_LOADER = "$(TEST_HOST)";
				COMBINE_HIDPI_IMAGES = YES;
				INFOPLIST_FILE = "Spotter (Spotify Menu Bar Player)Tests/Info.plist";
				LD_RUNPATH_SEARCH_PATHS = "$(inherited) @executable_path/../Frameworks @loader_path/../Frameworks";
				PRODUCT_BUNDLE_IDENTIFIER = "Jacob-Cohen.Spotter--Spotify-Menu-Bar-Player-Tests";
				PRODUCT_NAME = "$(TARGET_NAME)";
				SWIFT_VERSION = 3.0;
				TEST_HOST = "$(BUILT_PRODUCTS_DIR)/Spotter (Spotify Menu Bar Player).app/Contents/MacOS/Spotter (Spotify Menu Bar Player)";
			};
			name = Debug;
		};
		0C6F9FE71EDCF6B70086D072 /* Release */ = {
			isa = XCBuildConfiguration;
			buildSettings = {
				ALWAYS_EMBED_SWIFT_STANDARD_LIBRARIES = YES;
				BUNDLE_LOADER = "$(TEST_HOST)";
				COMBINE_HIDPI_IMAGES = YES;
				INFOPLIST_FILE = "Spotter (Spotify Menu Bar Player)Tests/Info.plist";
				LD_RUNPATH_SEARCH_PATHS = "$(inherited) @executable_path/../Frameworks @loader_path/../Frameworks";
				PRODUCT_BUNDLE_IDENTIFIER = "Jacob-Cohen.Spotter--Spotify-Menu-Bar-Player-Tests";
				PRODUCT_NAME = "$(TARGET_NAME)";
				SWIFT_VERSION = 3.0;
				TEST_HOST = "$(BUILT_PRODUCTS_DIR)/Spotter (Spotify Menu Bar Player).app/Contents/MacOS/Spotter (Spotify Menu Bar Player)";
			};
			name = Release;
		};
		0C6F9FE91EDCF6B70086D072 /* Debug */ = {
			isa = XCBuildConfiguration;
			buildSettings = {
				ALWAYS_EMBED_SWIFT_STANDARD_LIBRARIES = YES;
				COMBINE_HIDPI_IMAGES = YES;
				INFOPLIST_FILE = "Spotter (Spotify Menu Bar Player)UITests/Info.plist";
				LD_RUNPATH_SEARCH_PATHS = "$(inherited) @executable_path/../Frameworks @loader_path/../Frameworks";
				PRODUCT_BUNDLE_IDENTIFIER = "Jacob-Cohen.Spotter--Spotify-Menu-Bar-Player-UITests";
				PRODUCT_NAME = "$(TARGET_NAME)";
				SWIFT_VERSION = 3.0;
				TEST_TARGET_NAME = "Spotter (Spotify Menu Bar Player)";
			};
			name = Debug;
		};
		0C6F9FEA1EDCF6B70086D072 /* Release */ = {
			isa = XCBuildConfiguration;
			buildSettings = {
				ALWAYS_EMBED_SWIFT_STANDARD_LIBRARIES = YES;
				COMBINE_HIDPI_IMAGES = YES;
				INFOPLIST_FILE = "Spotter (Spotify Menu Bar Player)UITests/Info.plist";
				LD_RUNPATH_SEARCH_PATHS = "$(inherited) @executable_path/../Frameworks @loader_path/../Frameworks";
				PRODUCT_BUNDLE_IDENTIFIER = "Jacob-Cohen.Spotter--Spotify-Menu-Bar-Player-UITests";
				PRODUCT_NAME = "$(TARGET_NAME)";
				SWIFT_VERSION = 3.0;
				TEST_TARGET_NAME = "Spotter (Spotify Menu Bar Player)";
			};
			name = Release;
		};
/* End XCBuildConfiguration section */

/* Begin XCConfigurationList section */
		0C6F9FB81EDCF6B60086D072 /* Build configuration list for PBXProject "Spotter (Spotify Menu Bar Player)" */ = {
			isa = XCConfigurationList;
			buildConfigurations = (
				0C6F9FE01EDCF6B70086D072 /* Debug */,
				0C6F9FE11EDCF6B70086D072 /* Release */,
			);
			defaultConfigurationIsVisible = 0;
			defaultConfigurationName = Release;
		};
		0C6F9FE21EDCF6B70086D072 /* Build configuration list for PBXNativeTarget "Spotter (Spotify Menu Bar Player)" */ = {
			isa = XCConfigurationList;
			buildConfigurations = (
				0C6F9FE31EDCF6B70086D072 /* Debug */,
				0C6F9FE41EDCF6B70086D072 /* Release */,
			);
			defaultConfigurationIsVisible = 0;
		};
		0C6F9FE51EDCF6B70086D072 /* Build configuration list for PBXNativeTarget "Spotter (Spotify Menu Bar Player)Tests" */ = {
			isa = XCConfigurationList;
			buildConfigurations = (
				0C6F9FE61EDCF6B70086D072 /* Debug */,
				0C6F9FE71EDCF6B70086D072 /* Release */,
			);
			defaultConfigurationIsVisible = 0;
		};
		0C6F9FE81EDCF6B70086D072 /* Build configuration list for PBXNativeTarget "Spotter (Spotify Menu Bar Player)UITests" */ = {
			isa = XCConfigurationList;
			buildConfigurations = (
				0C6F9FE91EDCF6B70086D072 /* Debug */,
				0C6F9FEA1EDCF6B70086D072 /* Release */,
			);
			defaultConfigurationIsVisible = 0;
		};
/* End XCConfigurationList section */
	};
	rootObject = 0C6F9FB51EDCF6B60086D072 /* Project object */;
}
